
Microsoft Visual Studio Solution File, Format Version 12.00
# Visual Studio Version 17
VisualStudioVersion = 17.4.33110.190
MinimumVisualStudioVersion = 10.0.40219.1
Project("{FAE04EC0-301F-11D3-BF4B-00C04F79EFBC}") = "WebEmpleo", "WebEmpleo\WebEmpleo.csproj", "{EEB4D311-E87C-4178-BE4B-F5BF262A43BA}"
EndProject
Global
	GlobalSection(SolutionConfigurationPlatforms) = preSolution
		Debug|Any CPU = Debug|Any CPU
		Release|Any CPU = Release|Any CPU
	EndGlobalSection
	GlobalSection(ProjectConfigurationPlatforms) = postSolution
		{EEB4D311-E87C-4178-BE4B-F5BF262A43BA}.Debug|Any CPU.ActiveCfg = Debug|Any CPU
		{EEB4D311-E87C-4178-BE4B-F5BF262A43BA}.Debug|Any CPU.Build.0 = Debug|Any CPU
		{EEB4D311-E87C-4178-BE4B-F5BF262A43BA}.Release|Any CPU.ActiveCfg = Release|Any CPU
		{EEB4D311-E87C-4178-BE4B-F5BF262A43BA}.Release|Any CPU.Build.0 = Release|Any CPU
	EndGlobalSection
	GlobalSection(SolutionProperties) = preSolution
		HideSolutionNode = FALSE
	EndGlobalSection
	GlobalSection(ExtensibilityGlobals) = postSolution
		SolutionGuid = {39FB6E17-B401-4DAC-AABB-A2ABF059DF37}
	EndGlobalSection
EndGlobal
